
Microsoft Visual Studio Solution File, Format Version 12.00
# Visual Studio Version 16
VisualStudioVersion = 16.0.29306.81
MinimumVisualStudioVersion = 10.0.40219.1
Project("{FAE04EC0-301F-11D3-BF4B-00C04F79EFBC}") = "UmbracoJumpstart", "UmbracoJumpstart.csproj", "{259992C9-7C4B-4062-AC92-1DB94D8C7C2B}"
EndProject
Global
	GlobalSection(SolutionConfigurationPlatforms) = preSolution
		Debug|Any CPU = Debug|Any CPU
		Release|Any CPU = Release|Any CPU
	EndGlobalSection
	GlobalSection(ProjectConfigurationPlatforms) = postSolution
		{259992C9-7C4B-4062-AC92-1DB94D8C7C2B}.Debug|Any CPU.ActiveCfg = Debug|Any CPU
		{259992C9-7C4B-4062-AC92-1DB94D8C7C2B}.Debug|Any CPU.Build.0 = Debug|Any CPU
		{259992C9-7C4B-4062-AC92-1DB94D8C7C2B}.Release|Any CPU.ActiveCfg = Release|Any CPU
		{259992C9-7C4B-4062-AC92-1DB94D8C7C2B}.Release|Any CPU.Build.0 = Release|Any CPU
	EndGlobalSection
	GlobalSection(SolutionProperties) = preSolution
		HideSolutionNode = FALSE
	EndGlobalSection
	GlobalSection(ExtensibilityGlobals) = postSolution
		SolutionGuid = {0A5E0B09-DE54-467D-AD6E-5C140A4F7724}
	EndGlobalSection
EndGlobal
